// !$*UTF8*$!
{
	archiveVersion = 1;
	classes = {
	};
	objectVersion = 46;
	objects = {

/* Begin PBXBuildFile section */
		3A075C4F1C7F20F7002A5D26 /* Errors.swift in Sources */ = {isa = PBXBuildFile; fileRef = 3A075C471C7F20F7002A5D26 /* Errors.swift */; };
		3A075C501C7F20F7002A5D26 /* EventValidation.swift in Sources */ = {isa = PBXBuildFile; fileRef = 3A075C481C7F20F7002A5D26 /* EventValidation.swift */; };
		3A075C511C7F20F7002A5D26 /* Health.swift in Sources */ = {isa = PBXBuildFile; fileRef = 3A075C491C7F20F7002A5D26 /* Health.swift */; };
		3A075C521C7F20F7002A5D26 /* Heartbeat.swift in Sources */ = {isa = PBXBuildFile; fileRef = 3A075C4A1C7F20F7002A5D26 /* Heartbeat.swift */; };
		3A075C531C7F20F7002A5D26 /* JSONParser.swift in Sources */ = {isa = PBXBuildFile; fileRef = 3A075C4B1C7F20F7002A5D26 /* JSONParser.swift */; };
		3A075C541C7F20F7002A5D26 /* Redis.swift in Sources */ = {isa = PBXBuildFile; fileRef = 3A075C4C1C7F20F7002A5D26 /* Redis.swift */; };
		3A075C551C7F20F7002A5D26 /* Root.swift in Sources */ = {isa = PBXBuildFile; fileRef = 3A075C4D1C7F20F7002A5D26 /* Root.swift */; };
		3A075C561C7F20F7002A5D26 /* URLParser.swift in Sources */ = {isa = PBXBuildFile; fileRef = 3A075C4E1C7F20F7002A5D26 /* URLParser.swift */; };
		3A07C8891C7F311A0010976D /* Commander.a in Frameworks */ = {isa = PBXBuildFile; fileRef = 3A07C8771C7F22A90010976D /* Commander.a */; };
		3A07C88A1C7F311A0010976D /* Curassow.a in Frameworks */ = {isa = PBXBuildFile; fileRef = 3A07C8781C7F22A90010976D /* Curassow.a */; };
		3A07C88B1C7F311A0010976D /* Environment.a in Frameworks */ = {isa = PBXBuildFile; fileRef = 3A07C8791C7F22A90010976D /* Environment.a */; };
		3A07C88C1C7F311A0010976D /* Inquiline.a in Frameworks */ = {isa = PBXBuildFile; fileRef = 3A07C87A1C7F22A90010976D /* Inquiline.a */; };
		3A07C88D1C7F311A0010976D /* Jay.a in Frameworks */ = {isa = PBXBuildFile; fileRef = 3A07C87B1C7F22A90010976D /* Jay.a */; };
		3A07C88E1C7F311A0010976D /* Nest.a in Frameworks */ = {isa = PBXBuildFile; fileRef = 3A07C87C1C7F22A90010976D /* Nest.a */; };
		3A07C88F1C7F311A0010976D /* Redbird.a in Frameworks */ = {isa = PBXBuildFile; fileRef = 3A07C87D1C7F22A90010976D /* Redbird.a */; };
		3A07C8901C7F311A0010976D /* Requests.a in Frameworks */ = {isa = PBXBuildFile; fileRef = 3A07C87E1C7F22A90010976D /* Requests.a */; };
		3AC90BA81C7F20CE006E640B /* main.swift in Sources */ = {isa = PBXBuildFile; fileRef = 3AC90BA71C7F20CE006E640B /* main.swift */; };
/* End PBXBuildFile section */

/* Begin PBXCopyFilesBuildPhase section */
		3AC90BA21C7F20CE006E640B /* CopyFiles */ = {
			isa = PBXCopyFilesBuildPhase;
			buildActionMask = 2147483647;
			dstPath = /usr/share/man/man1/;
			dstSubfolderSpec = 0;
			files = (
			);
			runOnlyForDeploymentPostprocessing = 1;
		};
/* End PBXCopyFilesBuildPhase section */

/* Begin PBXFileReference section */
		3A075C471C7F20F7002A5D26 /* Errors.swift */ = {isa = PBXFileReference; fileEncoding = 4; lastKnownFileType = sourcecode.swift; name = Errors.swift; path = ../Sources/Errors.swift; sourceTree = SOURCE_ROOT; };
		3A075C481C7F20F7002A5D26 /* EventValidation.swift */ = {isa = PBXFileReference; fileEncoding = 4; lastKnownFileType = sourcecode.swift; name = EventValidation.swift; path = ../Sources/EventValidation.swift; sourceTree = SOURCE_ROOT; };
		3A075C491C7F20F7002A5D26 /* Health.swift */ = {isa = PBXFileReference; fileEncoding = 4; lastKnownFileType = sourcecode.swift; name = Health.swift; path = ../Sources/Health.swift; sourceTree = SOURCE_ROOT; };
		3A075C4A1C7F20F7002A5D26 /* Heartbeat.swift */ = {isa = PBXFileReference; fileEncoding = 4; lastKnownFileType = sourcecode.swift; name = Heartbeat.swift; path = ../Sources/Heartbeat.swift; sourceTree = SOURCE_ROOT; };
		3A075C4B1C7F20F7002A5D26 /* JSONParser.swift */ = {isa = PBXFileReference; fileEncoding = 4; lastKnownFileType = sourcecode.swift; name = JSONParser.swift; path = ../Sources/JSONParser.swift; sourceTree = SOURCE_ROOT; };
		3A075C4C1C7F20F7002A5D26 /* Redis.swift */ = {isa = PBXFileReference; fileEncoding = 4; lastKnownFileType = sourcecode.swift; name = Redis.swift; path = ../Sources/Redis.swift; sourceTree = SOURCE_ROOT; };
		3A075C4D1C7F20F7002A5D26 /* Root.swift */ = {isa = PBXFileReference; fileEncoding = 4; lastKnownFileType = sourcecode.swift; name = Root.swift; path = ../Sources/Root.swift; sourceTree = SOURCE_ROOT; };
		3A075C4E1C7F20F7002A5D26 /* URLParser.swift */ = {isa = PBXFileReference; fileEncoding = 4; lastKnownFileType = sourcecode.swift; name = URLParser.swift; path = ../Sources/URLParser.swift; sourceTree = SOURCE_ROOT; };
		3A07C8771C7F22A90010976D /* Commander.a */ = {isa = PBXFileReference; lastKnownFileType = archive.ar; name = Commander.a; path = ../.build/debug/Commander.a; sourceTree = "<group>"; };
		3A07C8781C7F22A90010976D /* Curassow.a */ = {isa = PBXFileReference; lastKnownFileType = archive.ar; name = Curassow.a; path = ../.build/debug/Curassow.a; sourceTree = "<group>"; };
		3A07C8791C7F22A90010976D /* Environment.a */ = {isa = PBXFileReference; lastKnownFileType = archive.ar; name = Environment.a; path = ../.build/debug/Environment.a; sourceTree = "<group>"; };
		3A07C87A1C7F22A90010976D /* Inquiline.a */ = {isa = PBXFileReference; lastKnownFileType = archive.ar; name = Inquiline.a; path = ../.build/debug/Inquiline.a; sourceTree = "<group>"; };
		3A07C87B1C7F22A90010976D /* Jay.a */ = {isa = PBXFileReference; lastKnownFileType = archive.ar; name = Jay.a; path = ../.build/debug/Jay.a; sourceTree = "<group>"; };
		3A07C87C1C7F22A90010976D /* Nest.a */ = {isa = PBXFileReference; lastKnownFileType = archive.ar; name = Nest.a; path = ../.build/debug/Nest.a; sourceTree = "<group>"; };
		3A07C87D1C7F22A90010976D /* Redbird.a */ = {isa = PBXFileReference; lastKnownFileType = archive.ar; name = Redbird.a; path = ../.build/debug/Redbird.a; sourceTree = "<group>"; };
		3A07C87E1C7F22A90010976D /* Requests.a */ = {isa = PBXFileReference; lastKnownFileType = archive.ar; name = Requests.a; path = ../.build/debug/Requests.a; sourceTree = "<group>"; };
		3AC90BA41C7F20CE006E640B /* ekg-swift */ = {isa = PBXFileReference; explicitFileType = "compiled.mach-o.executable"; includeInIndex = 0; path = "ekg-swift"; sourceTree = BUILT_PRODUCTS_DIR; };
		3AC90BA71C7F20CE006E640B /* main.swift */ = {isa = PBXFileReference; lastKnownFileType = sourcecode.swift; name = main.swift; path = ../Sources/main.swift; sourceTree = SOURCE_ROOT; };
/* End PBXFileReference section */

/* Begin PBXFrameworksBuildPhase section */
		3AC90BA11C7F20CE006E640B /* Frameworks */ = {
			isa = PBXFrameworksBuildPhase;
			buildActionMask = 2147483647;
			files = (
				3A07C8891C7F311A0010976D /* Commander.a in Frameworks */,
				3A07C88A1C7F311A0010976D /* Curassow.a in Frameworks */,
				3A07C88B1C7F311A0010976D /* Environment.a in Frameworks */,
				3A07C88C1C7F311A0010976D /* Inquiline.a in Frameworks */,
				3A07C88D1C7F311A0010976D /* Jay.a in Frameworks */,
				3A07C88E1C7F311A0010976D /* Nest.a in Frameworks */,
				3A07C88F1C7F311A0010976D /* Redbird.a in Frameworks */,
				3A07C8901C7F311A0010976D /* Requests.a in Frameworks */,
			);
			runOnlyForDeploymentPostprocessing = 0;
		};
/* End PBXFrameworksBuildPhase section */

/* Begin PBXGroup section */
		3A07C8871C7F24580010976D /* Dependencies */ = {
			isa = PBXGroup;
			children = (
				3A07C8771C7F22A90010976D /* Commander.a */,
				3A07C8781C7F22A90010976D /* Curassow.a */,
				3A07C8791C7F22A90010976D /* Environment.a */,
				3A07C87A1C7F22A90010976D /* Inquiline.a */,
				3A07C87B1C7F22A90010976D /* Jay.a */,
				3A07C87C1C7F22A90010976D /* Nest.a */,
				3A07C87D1C7F22A90010976D /* Redbird.a */,
				3A07C87E1C7F22A90010976D /* Requests.a */,
			);
			name = Dependencies;
			sourceTree = "<group>";
		};
		3AC90B9B1C7F20CE006E640B = {
			isa = PBXGroup;
			children = (
				3A07C8871C7F24580010976D /* Dependencies */,
				3AC90BA61C7F20CE006E640B /* ekg-swift */,
				3AC90BA51C7F20CE006E640B /* Products */,
			);
			sourceTree = "<group>";
		};
		3AC90BA51C7F20CE006E640B /* Products */ = {
			isa = PBXGroup;
			children = (
				3AC90BA41C7F20CE006E640B /* ekg-swift */,
			);
			name = Products;
			sourceTree = "<group>";
		};
		3AC90BA61C7F20CE006E640B /* ekg-swift */ = {
			isa = PBXGroup;
			children = (
				3AC90BA71C7F20CE006E640B /* main.swift */,
				3A075C471C7F20F7002A5D26 /* Errors.swift */,
				3A075C481C7F20F7002A5D26 /* EventValidation.swift */,
				3A075C491C7F20F7002A5D26 /* Health.swift */,
				3A075C4A1C7F20F7002A5D26 /* Heartbeat.swift */,
				3A075C4B1C7F20F7002A5D26 /* JSONParser.swift */,
				3A075C4C1C7F20F7002A5D26 /* Redis.swift */,
				3A075C4D1C7F20F7002A5D26 /* Root.swift */,
				3A075C4E1C7F20F7002A5D26 /* URLParser.swift */,
			);
			path = "ekg-swift";
			sourceTree = "<group>";
		};
/* End PBXGroup section */

/* Begin PBXNativeTarget section */
		3AC90BA31C7F20CE006E640B /* ekg-swift */ = {
			isa = PBXNativeTarget;
			buildConfigurationList = 3AC90BAB1C7F20CE006E640B /* Build configuration list for PBXNativeTarget "ekg-swift" */;
			buildPhases = (
				3A07C8881C7F24930010976D /* ShellScript */,
				3AC90BA01C7F20CE006E640B /* Sources */,
				3AC90BA11C7F20CE006E640B /* Frameworks */,
				3AC90BA21C7F20CE006E640B /* CopyFiles */,
			);
			buildRules = (
			);
			dependencies = (
			);
			name = "ekg-swift";
			productName = "ekg-swift";
			productReference = 3AC90BA41C7F20CE006E640B /* ekg-swift */;
			productType = "com.apple.product-type.tool";
		};
/* End PBXNativeTarget section */

/* Begin PBXProject section */
		3AC90B9C1C7F20CE006E640B /* Project object */ = {
			isa = PBXProject;
			attributes = {
				LastSwiftUpdateCheck = 0730;
				LastUpgradeCheck = 0730;
				ORGANIZATIONNAME = "Honza Dvorsky";
				TargetAttributes = {
					3AC90BA31C7F20CE006E640B = {
						CreatedOnToolsVersion = 7.3;
					};
				};
			};
			buildConfigurationList = 3AC90B9F1C7F20CE006E640B /* Build configuration list for PBXProject "ekg-swift" */;
			compatibilityVersion = "Xcode 3.2";
			developmentRegion = English;
			hasScannedForEncodings = 0;
			knownRegions = (
				en,
			);
			mainGroup = 3AC90B9B1C7F20CE006E640B;
			productRefGroup = 3AC90BA51C7F20CE006E640B /* Products */;
			projectDirPath = "";
			projectRoot = "";
			targets = (
				3AC90BA31C7F20CE006E640B /* ekg-swift */,
			);
		};
/* End PBXProject section */

/* Begin PBXShellScriptBuildPhase section */
		3A07C8881C7F24930010976D /* ShellScript */ = {
			isa = PBXShellScriptBuildPhase;
			buildActionMask = 2147483647;
			files = (
			);
			inputPaths = (
			);
			outputPaths = (
			);
			runOnlyForDeploymentPostprocessing = 0;
			shellPath = /bin/sh;
			shellScript = "swift build --chdir \"$SRCROOT\"\n";
		};
/* End PBXShellScriptBuildPhase section */

/* Begin PBXSourcesBuildPhase section */
		3AC90BA01C7F20CE006E640B /* Sources */ = {
			isa = PBXSourcesBuildPhase;
			buildActionMask = 2147483647;
			files = (
				3A075C501C7F20F7002A5D26 /* EventValidation.swift in Sources */,
				3A075C561C7F20F7002A5D26 /* URLParser.swift in Sources */,
				3A075C551C7F20F7002A5D26 /* Root.swift in Sources */,
				3A075C521C7F20F7002A5D26 /* Heartbeat.swift in Sources */,
				3A075C531C7F20F7002A5D26 /* JSONParser.swift in Sources */,
				3A075C511C7F20F7002A5D26 /* Health.swift in Sources */,
				3A075C4F1C7F20F7002A5D26 /* Errors.swift in Sources */,
				3AC90BA81C7F20CE006E640B /* main.swift in Sources */,
				3A075C541C7F20F7002A5D26 /* Redis.swift in Sources */,
			);
			runOnlyForDeploymentPostprocessing = 0;
		};
/* End PBXSourcesBuildPhase section */

/* Begin XCBuildConfiguration section */
		3AC90BA91C7F20CE006E640B /* Debug */ = {
			isa = XCBuildConfiguration;
			buildSettings = {
				ALWAYS_SEARCH_USER_PATHS = NO;
				CLANG_ANALYZER_NONNULL = YES;
				CLANG_CXX_LANGUAGE_STANDARD = "gnu++0x";
				CLANG_CXX_LIBRARY = "libc++";
				CLANG_ENABLE_MODULES = YES;
				CLANG_ENABLE_OBJC_ARC = YES;
				CLANG_WARN_BOOL_CONVERSION = YES;
				CLANG_WARN_CONSTANT_CONVERSION = YES;
				CLANG_WARN_DIRECT_OBJC_ISA_USAGE = YES_ERROR;
				CLANG_WARN_EMPTY_BODY = YES;
				CLANG_WARN_ENUM_CONVERSION = YES;
				CLANG_WARN_INT_CONVERSION = YES;
				CLANG_WARN_OBJC_ROOT_CLASS = YES_ERROR;
				CLANG_WARN_UNREACHABLE_CODE = YES;
				CLANG_WARN__DUPLICATE_METHOD_MATCH = YES;
				CODE_SIGN_IDENTITY = "-";
				COPY_PHASE_STRIP = NO;
				DEBUG_INFORMATION_FORMAT = dwarf;
				ENABLE_STRICT_OBJC_MSGSEND = YES;
				ENABLE_TESTABILITY = YES;
				GCC_C_LANGUAGE_STANDARD = gnu99;
				GCC_DYNAMIC_NO_PIC = NO;
				GCC_NO_COMMON_BLOCKS = YES;
				GCC_OPTIMIZATION_LEVEL = 0;
				GCC_PREPROCESSOR_DEFINITIONS = (
					"DEBUG=1",
					"$(inherited)",
				);
				GCC_WARN_64_TO_32_BIT_CONVERSION = YES;
				GCC_WARN_ABOUT_RETURN_TYPE = YES_ERROR;
				GCC_WARN_UNDECLARED_SELECTOR = YES;
				GCC_WARN_UNINITIALIZED_AUTOS = YES_AGGRESSIVE;
				GCC_WARN_UNUSED_FUNCTION = YES;
				GCC_WARN_UNUSED_VARIABLE = YES;
				MACOSX_DEPLOYMENT_TARGET = 10.11;
				MTL_ENABLE_DEBUG_INFO = YES;
				ONLY_ACTIVE_ARCH = YES;
				SDKROOT = macosx;
				SWIFT_OPTIMIZATION_LEVEL = "-Onone";
			};
			name = Debug;
		};
		3AC90BAA1C7F20CE006E640B /* Release */ = {
			isa = XCBuildConfiguration;
			buildSettings = {
				ALWAYS_SEARCH_USER_PATHS = NO;
				CLANG_ANALYZER_NONNULL = YES;
				CLANG_CXX_LANGUAGE_STANDARD = "gnu++0x";
				CLANG_CXX_LIBRARY = "libc++";
				CLANG_ENABLE_MODULES = YES;
				CLANG_ENABLE_OBJC_ARC = YES;
				CLANG_WARN_BOOL_CONVERSION = YES;
				CLANG_WARN_CONSTANT_CONVERSION = YES;
				CLANG_WARN_DIRECT_OBJC_ISA_USAGE = YES_ERROR;
				CLANG_WARN_EMPTY_BODY = YES;
				CLANG_WARN_ENUM_CONVERSION = YES;
				CLANG_WARN_INT_CONVERSION = YES;
				CLANG_WARN_OBJC_ROOT_CLASS = YES_ERROR;
				CLANG_WARN_UNREACHABLE_CODE = YES;
				CLANG_WARN__DUPLICATE_METHOD_MATCH = YES;
				CODE_SIGN_IDENTITY = "-";
				COPY_PHASE_STRIP = NO;
				DEBUG_INFORMATION_FORMAT = "dwarf-with-dsym";
				ENABLE_NS_ASSERTIONS = NO;
				ENABLE_STRICT_OBJC_MSGSEND = YES;
				GCC_C_LANGUAGE_STANDARD = gnu99;
				GCC_NO_COMMON_BLOCKS = YES;
				GCC_WARN_64_TO_32_BIT_CONVERSION = YES;
				GCC_WARN_ABOUT_RETURN_TYPE = YES_ERROR;
				GCC_WARN_UNDECLARED_SELECTOR = YES;
				GCC_WARN_UNINITIALIZED_AUTOS = YES_AGGRESSIVE;
				GCC_WARN_UNUSED_FUNCTION = YES;
				GCC_WARN_UNUSED_VARIABLE = YES;
				MACOSX_DEPLOYMENT_TARGET = 10.11;
				MTL_ENABLE_DEBUG_INFO = NO;
				SDKROOT = macosx;
			};
			name = Release;
		};
		3AC90BAC1C7F20CE006E640B /* Debug */ = {
			isa = XCBuildConfiguration;
			buildSettings = {
				PRODUCT_NAME = "$(TARGET_NAME)";
				SWIFT_INCLUDE_PATHS = "$(SRCROOT)/../.build/debug/";
			};
			name = Debug;
		};
		3AC90BAD1C7F20CE006E640B /* Release */ = {
			isa = XCBuildConfiguration;
			buildSettings = {
				PRODUCT_NAME = "$(TARGET_NAME)";
				SWIFT_INCLUDE_PATHS = "$(SRCROOT)/../.build/debug/";
			};
			name = Release;
		};
/* End XCBuildConfiguration section */

/* Begin XCConfigurationList section */
		3AC90B9F1C7F20CE006E640B /* Build configuration list for PBXProject "ekg-swift" */ = {
			isa = XCConfigurationList;
			buildConfigurations = (
				3AC90BA91C7F20CE006E640B /* Debug */,
				3AC90BAA1C7F20CE006E640B /* Release */,
			);
			defaultConfigurationIsVisible = 0;
			defaultConfigurationName = Release;
		};
		3AC90BAB1C7F20CE006E640B /* Build configuration list for PBXNativeTarget "ekg-swift" */ = {
			isa = XCConfigurationList;
			buildConfigurations = (
				3AC90BAC1C7F20CE006E640B /* Debug */,
				3AC90BAD1C7F20CE006E640B /* Release */,
			);
			defaultConfigurationIsVisible = 0;
			defaultConfigurationName = Release;
		};
/* End XCConfigurationList section */
	};
	rootObject = 3AC90B9C1C7F20CE006E640B /* Project object */;
}
